
Microsoft Visual Studio Solution File, Format Version 12.00
# Visual Studio 15
VisualStudioVersion = 15.0.27130.2027
MinimumVisualStudioVersion = 10.0.40219.1
Project("{FAE04EC0-301F-11D3-BF4B-00C04F79EFBC}") = "App5", "App5\App5.csproj", "{76CF90A7-4ACB-4A1E-BF79-C542412CA38D}"
EndProject
Global
	GlobalSection(SolutionConfigurationPlatforms) = preSolution
		Debug|Any CPU = Debug|Any CPU
		Release|Any CPU = Release|Any CPU
	EndGlobalSection
	GlobalSection(ProjectConfigurationPlatforms) = postSolution
		{76CF90A7-4ACB-4A1E-BF79-C542412CA38D}.Debug|Any CPU.ActiveCfg = Debug|Any CPU
		{76CF90A7-4ACB-4A1E-BF79-C542412CA38D}.Debug|Any CPU.Build.0 = Debug|Any CPU
		{76CF90A7-4ACB-4A1E-BF79-C542412CA38D}.Debug|Any CPU.Deploy.0 = Debug|Any CPU
		{76CF90A7-4ACB-4A1E-BF79-C542412CA38D}.Release|Any CPU.ActiveCfg = Release|Any CPU
		{76CF90A7-4ACB-4A1E-BF79-C542412CA38D}.Release|Any CPU.Build.0 = Release|Any CPU
		{76CF90A7-4ACB-4A1E-BF79-C542412CA38D}.Release|Any CPU.Deploy.0 = Release|Any CPU
	EndGlobalSection
	GlobalSection(SolutionProperties) = preSolution
		HideSolutionNode = FALSE
	EndGlobalSection
	GlobalSection(ExtensibilityGlobals) = postSolution
		SolutionGuid = {0C517E85-299E-4F24-B6FC-724E49536900}
	EndGlobalSection
EndGlobal
